
Microsoft Visual Studio Solution File, Format Version 12.00
# Visual Studio Version 17
VisualStudioVersion = 17.6.33723.286
MinimumVisualStudioVersion = 10.0.40219.1
Project("{8BC9CEB8-8B4A-11D0-8D11-00A0C91BC942}") = "1.1", "1.1\1.1.vcxproj", "{D8E07934-C383-4AE1-A5F5-5B3ACD9B5B41}"
EndProject
Project("{8BC9CEB8-8B4A-11D0-8D11-00A0C91BC942}") = "1.2", "1.2\1.2.vcxproj", "{A710044D-B086-4187-9D9C-82B987F5EC32}"
EndProject
Project("{8BC9CEB8-8B4A-11D0-8D11-00A0C91BC942}") = "1.3", "1.3\1.3.vcxproj", "{90914481-D342-4245-A4D1-2ED02B5DF8EB}"
EndProject
Project("{8BC9CEB8-8B4A-11D0-8D11-00A0C91BC942}") = "2.1", "2.1\2.1.vcxproj", "{EB31EC01-2653-4A0B-9542-A946F625C7CD}"
EndProject
Project("{8BC9CEB8-8B4A-11D0-8D11-00A0C91BC942}") = "3.1", "3.1\3.1.vcxproj", "{EEACEF67-C60D-4D31-ACF9-4A5BD0722C95}"
EndProject
Project("{8BC9CEB8-8B4A-11D0-8D11-00A0C91BC942}") = "3.2", "3.2\3.2.vcxproj", "{CF6B7A29-CF02-4F23-A35A-4DDF0A4E80CD}"
EndProject
Project("{8BC9CEB8-8B4A-11D0-8D11-00A0C91BC942}") = "6.1", "6.1\6.1.vcxproj", "{8A1FB2B3-9F81-4089-8B61-296FD6D22A0A}"
EndProject
Project("{8BC9CEB8-8B4A-11D0-8D11-00A0C91BC942}") = "6.2", "6.2\6.2.vcxproj", "{63DEC407-EC81-4281-880C-94DD4642436B}"
EndProject
Project("{8BC9CEB8-8B4A-11D0-8D11-00A0C91BC942}") = "7.1", "7.1\7.1.vcxproj", "{4D4179CA-E7B2-474D-915E-79B78C5825EC}"
EndProject
Project("{8BC9CEB8-8B4A-11D0-8D11-00A0C91BC942}") = "7.2", "7.2\7.2.vcxproj", "{9FE53423-D3B4-4C0F-955E-8DF61EA56607}"
EndProject
Project("{8BC9CEB8-8B4A-11D0-8D11-00A0C91BC942}") = "4.1", "4.1\4.1.vcxproj", "{5C5B929A-F098-4DE1-8599-8FD51024E1E6}"
EndProject
Project("{8BC9CEB8-8B4A-11D0-8D11-00A0C91BC942}") = "4.2", "4.2\4.2.vcxproj", "{2C710C25-5AAB-4A2E-AA53-DB6093A638AE}"
EndProject
Project("{8BC9CEB8-8B4A-11D0-8D11-00A0C91BC942}") = "5.1", "5.1\5.1.vcxproj", "{4A54148C-993E-47C2-8417-455AAF5816EE}"
EndProject
Project("{8BC9CEB8-8B4A-11D0-8D11-00A0C91BC942}") = "5.2", "5.2\5.2.vcxproj", "{9A7376C8-5C3B-44AF-9706-5ECEA4BF8071}"
EndProject
Project("{8BC9CEB8-8B4A-11D0-8D11-00A0C91BC942}") = "5.3", "5.3\5.3.vcxproj", "{4FB1844A-4C8B-45B1-AB62-9F7DDF69D1A6}"
EndProject
Project("{8BC9CEB8-8B4A-11D0-8D11-00A0C91BC942}") = "8.1", "8.1\8.1.vcxproj", "{9C91B231-BC1F-4720-9C9C-ECB57C79A098}"
EndProject
Project("{8BC9CEB8-8B4A-11D0-8D11-00A0C91BC942}") = "8.2", "8.2\8.2.vcxproj", "{7CC26F52-C1F4-4F93-9212-AD07858AA16E}"
EndProject
Project("{8BC9CEB8-8B4A-11D0-8D11-00A0C91BC942}") = "8.3", "8.3\8.3.vcxproj", "{18017B7A-3D2B-4C11-8F65-E2A9BD63A33B}"
EndProject
Project("{8BC9CEB8-8B4A-11D0-8D11-00A0C91BC942}") = "9.1", "9.1\9.1.vcxproj", "{4AC8346B-1696-42C6-B252-497F25E9187E}"
EndProject
Project("{8BC9CEB8-8B4A-11D0-8D11-00A0C91BC942}") = "9.2", "9.2\9.2.vcxproj", "{C28BD308-03D5-4FF3-B5FB-1A31C9AF2E05}"
EndProject
Global
	GlobalSection(SolutionConfigurationPlatforms) = preSolution
		Debug|x64 = Debug|x64
		Debug|x86 = Debug|x86
		Release|x64 = Release|x64
		Release|x86 = Release|x86
	EndGlobalSection
	GlobalSection(ProjectConfigurationPlatforms) = postSolution
		{D8E07934-C383-4AE1-A5F5-5B3ACD9B5B41}.Debug|x64.ActiveCfg = Debug|x64
		{D8E07934-C383-4AE1-A5F5-5B3ACD9B5B41}.Debug|x64.Build.0 = Debug|x64
		{D8E07934-C383-4AE1-A5F5-5B3ACD9B5B41}.Debug|x86.ActiveCfg = Debug|Win32
		{D8E07934-C383-4AE1-A5F5-5B3ACD9B5B41}.Debug|x86.Build.0 = Debug|Win32
		{D8E07934-C383-4AE1-A5F5-5B3ACD9B5B41}.Release|x64.ActiveCfg = Release|x64
		{D8E07934-C383-4AE1-A5F5-5B3ACD9B5B41}.Release|x64.Build.0 = Release|x64
		{D8E07934-C383-4AE1-A5F5-5B3ACD9B5B41}.Release|x86.ActiveCfg = Release|Win32
		{D8E07934-C383-4AE1-A5F5-5B3ACD9B5B41}.Release|x86.Build.0 = Release|Win32
		{A710044D-B086-4187-9D9C-82B987F5EC32}.Debug|x64.ActiveCfg = Debug|x64
		{A710044D-B086-4187-9D9C-82B987F5EC32}.Debug|x64.Build.0 = Debug|x64
		{A710044D-B086-4187-9D9C-82B987F5EC32}.Debug|x86.ActiveCfg = Debug|Win32
		{A710044D-B086-4187-9D9C-82B987F5EC32}.Debug|x86.Build.0 = Debug|Win32
		{A710044D-B086-4187-9D9C-82B987F5EC32}.Release|x64.ActiveCfg = Release|x64
		{A710044D-B086-4187-9D9C-82B987F5EC32}.Release|x64.Build.0 = Release|x64
		{A710044D-B086-4187-9D9C-82B987F5EC32}.Release|x86.ActiveCfg = Release|Win32
		{A710044D-B086-4187-9D9C-82B987F5EC32}.Release|x86.Build.0 = Release|Win32
		{90914481-D342-4245-A4D1-2ED02B5DF8EB}.Debug|x64.ActiveCfg = Debug|x64
		{90914481-D342-4245-A4D1-2ED02B5DF8EB}.Debug|x64.Build.0 = Debug|x64
		{90914481-D342-4245-A4D1-2ED02B5DF8EB}.Debug|x86.ActiveCfg = Debug|Win32
		{90914481-D342-4245-A4D1-2ED02B5DF8EB}.Debug|x86.Build.0 = Debug|Win32
		{90914481-D342-4245-A4D1-2ED02B5DF8EB}.Release|x64.ActiveCfg = Release|x64
		{90914481-D342-4245-A4D1-2ED02B5DF8EB}.Release|x64.Build.0 = Release|x64
		{90914481-D342-4245-A4D1-2ED02B5DF8EB}.Release|x86.ActiveCfg = Release|Win32
		{90914481-D342-4245-A4D1-2ED02B5DF8EB}.Release|x86.Build.0 = Release|Win32
		{EB31EC01-2653-4A0B-9542-A946F625C7CD}.Debug|x64.ActiveCfg = Debug|x64
		{EB31EC01-2653-4A0B-9542-A946F625C7CD}.Debug|x64.Build.0 = Debug|x64
		{EB31EC01-2653-4A0B-9542-A946F625C7CD}.Debug|x86.ActiveCfg = Debug|Win32
		{EB31EC01-2653-4A0B-9542-A946F625C7CD}.Debug|x86.Build.0 = Debug|Win32
		{EB31EC01-2653-4A0B-9542-A946F625C7CD}.Release|x64.ActiveCfg = Release|x64
		{EB31EC01-2653-4A0B-9542-A946F625C7CD}.Release|x64.Build.0 = Release|x64
		{EB31EC01-2653-4A0B-9542-A946F625C7CD}.Release|x86.ActiveCfg = Release|Win32
		{EB31EC01-2653-4A0B-9542-A946F625C7CD}.Release|x86.Build.0 = Release|Win32
		{EEACEF67-C60D-4D31-ACF9-4A5BD0722C95}.Debug|x64.ActiveCfg = Debug|x64
		{EEACEF67-C60D-4D31-ACF9-4A5BD0722C95}.Debug|x64.Build.0 = Debug|x64
		{EEACEF67-C60D-4D31-ACF9-4A5BD0722C95}.Debug|x86.ActiveCfg = Debug|Win32
		{EEACEF67-C60D-4D31-ACF9-4A5BD0722C95}.Debug|x86.Build.0 = Debug|Win32
		{EEACEF67-C60D-4D31-ACF9-4A5BD0722C95}.Release|x64.ActiveCfg = Release|x64
		{EEACEF67-C60D-4D31-ACF9-4A5BD0722C95}.Release|x64.Build.0 = Release|x64
		{EEACEF67-C60D-4D31-ACF9-4A5BD0722C95}.Release|x86.ActiveCfg = Release|Win32
		{EEACEF67-C60D-4D31-ACF9-4A5BD0722C95}.Release|x86.Build.0 = Release|Win32
		{CF6B7A29-CF02-4F23-A35A-4DDF0A4E80CD}.Debug|x64.ActiveCfg = Debug|x64
		{CF6B7A29-CF02-4F23-A35A-4DDF0A4E80CD}.Debug|x64.Build.0 = Debug|x64
		{CF6B7A29-CF02-4F23-A35A-4DDF0A4E80CD}.Debug|x86.ActiveCfg = Debug|Win32
		{CF6B7A29-CF02-4F23-A35A-4DDF0A4E80CD}.Debug|x86.Build.0 = Debug|Win32
		{CF6B7A29-CF02-4F23-A35A-4DDF0A4E80CD}.Release|x64.ActiveCfg = Release|x64
		{CF6B7A29-CF02-4F23-A35A-4DDF0A4E80CD}.Release|x64.Build.0 = Release|x64
		{CF6B7A29-CF02-4F23-A35A-4DDF0A4E80CD}.Release|x86.ActiveCfg = Release|Win32
		{CF6B7A29-CF02-4F23-A35A-4DDF0A4E80CD}.Release|x86.Build.0 = Release|Win32
		{8A1FB2B3-9F81-4089-8B61-296FD6D22A0A}.Debug|x64.ActiveCfg = Debug|x64
		{8A1FB2B3-9F81-4089-8B61-296FD6D22A0A}.Debug|x64.Build.0 = Debug|x64
		{8A1FB2B3-9F81-4089-8B61-296FD6D22A0A}.Debug|x86.ActiveCfg = Debug|Win32
		{8A1FB2B3-9F81-4089-8B61-296FD6D22A0A}.Debug|x86.Build.0 = Debug|Win32
		{8A1FB2B3-9F81-4089-8B61-296FD6D22A0A}.Release|x64.ActiveCfg = Release|x64
		{8A1FB2B3-9F81-4089-8B61-296FD6D22A0A}.Release|x64.Build.0 = Release|x64
		{8A1FB2B3-9F81-4089-8B61-296FD6D22A0A}.Release|x86.ActiveCfg = Release|Win32
		{8A1FB2B3-9F81-4089-8B61-296FD6D22A0A}.Release|x86.Build.0 = Release|Win32
		{63DEC407-EC81-4281-880C-94DD4642436B}.Debug|x64.ActiveCfg = Debug|x64
		{63DEC407-EC81-4281-880C-94DD4642436B}.Debug|x64.Build.0 = Debug|x64
		{63DEC407-EC81-4281-880C-94DD4642436B}.Debug|x86.ActiveCfg = Debug|Win32
		{63DEC407-EC81-4281-880C-94DD4642436B}.Debug|x86.Build.0 = Debug|Win32
		{63DEC407-EC81-4281-880C-94DD4642436B}.Release|x64.ActiveCfg = Release|x64
		{63DEC407-EC81-4281-880C-94DD4642436B}.Release|x64.Build.0 = Release|x64
		{63DEC407-EC81-4281-880C-94DD4642436B}.Release|x86.ActiveCfg = Release|Win32
		{63DEC407-EC81-4281-880C-94DD4642436B}.Release|x86.Build.0 = Release|Win32
		{4D4179CA-E7B2-474D-915E-79B78C5825EC}.Debug|x64.ActiveCfg = Debug|x64
		{4D4179CA-E7B2-474D-915E-79B78C5825EC}.Debug|x64.Build.0 = Debug|x64
		{4D4179CA-E7B2-474D-915E-79B78C5825EC}.Debug|x86.ActiveCfg = Debug|Win32
		{4D4179CA-E7B2-474D-915E-79B78C5825EC}.Debug|x86.Build.0 = Debug|Win32
		{4D4179CA-E7B2-474D-915E-79B78C5825EC}.Release|x64.ActiveCfg = Release|x64
		{4D4179CA-E7B2-474D-915E-79B78C5825EC}.Release|x64.Build.0 = Release|x64
		{4D4179CA-E7B2-474D-915E-79B78C5825EC}.Release|x86.ActiveCfg = Release|Win32
		{4D4179CA-E7B2-474D-915E-79B78C5825EC}.Release|x86.Build.0 = Release|Win32
		{9FE53423-D3B4-4C0F-955E-8DF61EA56607}.Debug|x64.ActiveCfg = Debug|x64
		{9FE53423-D3B4-4C0F-955E-8DF61EA56607}.Debug|x64.Build.0 = Debug|x64
		{9FE53423-D3B4-4C0F-955E-8DF61EA56607}.Debug|x86.ActiveCfg = Debug|Win32
		{9FE53423-D3B4-4C0F-955E-8DF61EA56607}.Debug|x86.Build.0 = Debug|Win32
		{9FE53423-D3B4-4C0F-955E-8DF61EA56607}.Release|x64.ActiveCfg = Release|x64
		{9FE53423-D3B4-4C0F-955E-8DF61EA56607}.Release|x64.Build.0 = Release|x64
		{9FE53423-D3B4-4C0F-955E-8DF61EA56607}.Release|x86.ActiveCfg = Release|Win32
		{9FE53423-D3B4-4C0F-955E-8DF61EA56607}.Release|x86.Build.0 = Release|Win32
		{5C5B929A-F098-4DE1-8599-8FD51024E1E6}.Debug|x64.ActiveCfg = Debug|x64
		{5C5B929A-F098-4DE1-8599-8FD51024E1E6}.Debug|x64.Build.0 = Debug|x64
		{5C5B929A-F098-4DE1-8599-8FD51024E1E6}.Debug|x86.ActiveCfg = Debug|Win32
		{5C5B929A-F098-4DE1-8599-8FD51024E1E6}.Debug|x86.Build.0 = Debug|Win32
		{5C5B929A-F098-4DE1-8599-8FD51024E1E6}.Release|x64.ActiveCfg = Release|x64
		{5C5B929A-F098-4DE1-8599-8FD51024E1E6}.Release|x64.Build.0 = Release|x64
		{5C5B929A-F098-4DE1-8599-8FD51024E1E6}.Release|x86.ActiveCfg = Release|Win32
		{5C5B929A-F098-4DE1-8599-8FD51024E1E6}.Release|x86.Build.0 = Release|Win32
		{2C710C25-5AAB-4A2E-AA53-DB6093A638AE}.Debug|x64.ActiveCfg = Debug|x64
		{2C710C25-5AAB-4A2E-AA53-DB6093A638AE}.Debug|x64.Build.0 = Debug|x64
		{2C710C25-5AAB-4A2E-AA53-DB6093A638AE}.Debug|x86.ActiveCfg = Debug|Win32
		{2C710C25-5AAB-4A2E-AA53-DB6093A638AE}.Debug|x86.Build.0 = Debug|Win32
		{2C710C25-5AAB-4A2E-AA53-DB6093A638AE}.Release|x64.ActiveCfg = Release|x64
		{2C710C25-5AAB-4A2E-AA53-DB6093A638AE}.Release|x64.Build.0 = Release|x64
		{2C710C25-5AAB-4A2E-AA53-DB6093A638AE}.Release|x86.ActiveCfg = Release|Win32
		{2C710C25-5AAB-4A2E-AA53-DB6093A638AE}.Release|x86.Build.0 = Release|Win32
		{4A54148C-993E-47C2-8417-455AAF5816EE}.Debug|x64.ActiveCfg = Debug|x64
		{4A54148C-993E-47C2-8417-455AAF5816EE}.Debug|x64.Build.0 = Debug|x64
		{4A54148C-993E-47C2-8417-455AAF5816EE}.Debug|x86.ActiveCfg = Debug|Win32
		{4A54148C-993E-47C2-8417-455AAF5816EE}.Debug|x86.Build.0 = Debug|Win32
		{4A54148C-993E-47C2-8417-455AAF5816EE}.Release|x64.ActiveCfg = Release|x64
		{4A54148C-993E-47C2-8417-455AAF5816EE}.Release|x64.Build.0 = Release|x64
		{4A54148C-993E-47C2-8417-455AAF5816EE}.Release|x86.ActiveCfg = Release|Win32
		{4A54148C-993E-47C2-8417-455AAF5816EE}.Release|x86.Build.0 = Release|Win32
		{9A7376C8-5C3B-44AF-9706-5ECEA4BF8071}.Debug|x64.ActiveCfg = Debug|x64
		{9A7376C8-5C3B-44AF-9706-5ECEA4BF8071}.Debug|x64.Build.0 = Debug|x64
		{9A7376C8-5C3B-44AF-9706-5ECEA4BF8071}.Debug|x86.ActiveCfg = Debug|Win32
		{9A7376C8-5C3B-44AF-9706-5ECEA4BF8071}.Debug|x86.Build.0 = Debug|Win32
		{9A7376C8-5C3B-44AF-9706-5ECEA4BF8071}.Release|x64.ActiveCfg = Release|x64
		{9A7376C8-5C3B-44AF-9706-5ECEA4BF8071}.Release|x64.Build.0 = Release|x64
		{9A7376C8-5C3B-44AF-9706-5ECEA4BF8071}.Release|x86.ActiveCfg = Release|Win32
		{9A7376C8-5C3B-44AF-9706-5ECEA4BF8071}.Release|x86.Build.0 = Release|Win32
		{4FB1844A-4C8B-45B1-AB62-9F7DDF69D1A6}.Debug|x64.ActiveCfg = Debug|x64
		{4FB1844A-4C8B-45B1-AB62-9F7DDF69D1A6}.Debug|x64.Build.0 = Debug|x64
		{4FB1844A-4C8B-45B1-AB62-9F7DDF69D1A6}.Debug|x86.ActiveCfg = Debug|Win32
		{4FB1844A-4C8B-45B1-AB62-9F7DDF69D1A6}.Debug|x86.Build.0 = Debug|Win32
		{4FB1844A-4C8B-45B1-AB62-9F7DDF69D1A6}.Release|x64.ActiveCfg = Release|x64
		{4FB1844A-4C8B-45B1-AB62-9F7DDF69D1A6}.Release|x64.Build.0 = Release|x64
		{4FB1844A-4C8B-45B1-AB62-9F7DDF69D1A6}.Release|x86.ActiveCfg = Release|Win32
		{4FB1844A-4C8B-45B1-AB62-9F7DDF69D1A6}.Release|x86.Build.0 = Release|Win32
		{9C91B231-BC1F-4720-9C9C-ECB57C79A098}.Debug|x64.ActiveCfg = Debug|x64
		{9C91B231-BC1F-4720-9C9C-ECB57C79A098}.Debug|x64.Build.0 = Debug|x64
		{9C91B231-BC1F-4720-9C9C-ECB57C79A098}.Debug|x86.ActiveCfg = Debug|Win32
		{9C91B231-BC1F-4720-9C9C-ECB57C79A098}.Debug|x86.Build.0 = Debug|Win32
		{9C91B231-BC1F-4720-9C9C-ECB57C79A098}.Release|x64.ActiveCfg = Release|x64
		{9C91B231-BC1F-4720-9C9C-ECB57C79A098}.Release|x64.Build.0 = Release|x64
		{9C91B231-BC1F-4720-9C9C-ECB57C79A098}.Release|x86.ActiveCfg = Release|Win32
		{9C91B231-BC1F-4720-9C9C-ECB57C79A098}.Release|x86.Build.0 = Release|Win32
		{7CC26F52-C1F4-4F93-9212-AD07858AA16E}.Debug|x64.ActiveCfg = Debug|x64
		{7CC26F52-C1F4-4F93-9212-AD07858AA16E}.Debug|x64.Build.0 = Debug|x64
		{7CC26F52-C1F4-4F93-9212-AD07858AA16E}.Debug|x86.ActiveCfg = Debug|Win32
		{7CC26F52-C1F4-4F93-9212-AD07858AA16E}.Debug|x86.Build.0 = Debug|Win32
		{7CC26F52-C1F4-4F93-9212-AD07858AA16E}.Release|x64.ActiveCfg = Release|x64
		{7CC26F52-C1F4-4F93-9212-AD07858AA16E}.Release|x64.Build.0 = Release|x64
		{7CC26F52-C1F4-4F93-9212-AD07858AA16E}.Release|x86.ActiveCfg = Release|Win32
		{7CC26F52-C1F4-4F93-9212-AD07858AA16E}.Release|x86.Build.0 = Release|Win32
		{18017B7A-3D2B-4C11-8F65-E2A9BD63A33B}.Debug|x64.ActiveCfg = Debug|x64
		{18017B7A-3D2B-4C11-8F65-E2A9BD63A33B}.Debug|x64.Build.0 = Debug|x64
		{18017B7A-3D2B-4C11-8F65-E2A9BD63A33B}.Debug|x86.ActiveCfg = Debug|Win32
		{18017B7A-3D2B-4C11-8F65-E2A9BD63A33B}.Debug|x86.Build.0 = Debug|Win32
		{18017B7A-3D2B-4C11-8F65-E2A9BD63A33B}.Release|x64.ActiveCfg = Release|x64
		{18017B7A-3D2B-4C11-8F65-E2A9BD63A33B}.Release|x64.Build.0 = Release|x64
		{18017B7A-3D2B-4C11-8F65-E2A9BD63A33B}.Release|x86.ActiveCfg = Release|Win32
		{18017B7A-3D2B-4C11-8F65-E2A9BD63A33B}.Release|x86.Build.0 = Release|Win32
		{4AC8346B-1696-42C6-B252-497F25E9187E}.Debug|x64.ActiveCfg = Debug|x64
		{4AC8346B-1696-42C6-B252-497F25E9187E}.Debug|x64.Build.0 = Debug|x64
		{4AC8346B-1696-42C6-B252-497F25E9187E}.Debug|x86.ActiveCfg = Debug|Win32
		{4AC8346B-1696-42C6-B252-497F25E9187E}.Debug|x86.Build.0 = Debug|Win32
		{4AC8346B-1696-42C6-B252-497F25E9187E}.Release|x64.ActiveCfg = Release|x64
		{4AC8346B-1696-42C6-B252-497F25E9187E}.Release|x64.Build.0 = Release|x64
		{4AC8346B-1696-42C6-B252-497F25E9187E}.Release|x86.ActiveCfg = Release|Win32
		{4AC8346B-1696-42C6-B252-497F25E9187E}.Release|x86.Build.0 = Release|Win32
		{C28BD308-03D5-4FF3-B5FB-1A31C9AF2E05}.Debug|x64.ActiveCfg = Debug|x64
		{C28BD308-03D5-4FF3-B5FB-1A31C9AF2E05}.Debug|x64.Build.0 = Debug|x64
		{C28BD308-03D5-4FF3-B5FB-1A31C9AF2E05}.Debug|x86.ActiveCfg = Debug|Win32
		{C28BD308-03D5-4FF3-B5FB-1A31C9AF2E05}.Debug|x86.Build.0 = Debug|Win32
		{C28BD308-03D5-4FF3-B5FB-1A31C9AF2E05}.Release|x64.ActiveCfg = Release|x64
		{C28BD308-03D5-4FF3-B5FB-1A31C9AF2E05}.Release|x64.Build.0 = Release|x64
		{C28BD308-03D5-4FF3-B5FB-1A31C9AF2E05}.Release|x86.ActiveCfg = Release|Win32
		{C28BD308-03D5-4FF3-B5FB-1A31C9AF2E05}.Release|x86.Build.0 = Release|Win32
	EndGlobalSection
	GlobalSection(SolutionProperties) = preSolution
		HideSolutionNode = FALSE
	EndGlobalSection
	GlobalSection(ExtensibilityGlobals) = postSolution
		SolutionGuid = {C093FAEE-A8D0-4B1B-9F4C-B94A9D274275}
	EndGlobalSection
EndGlobal
